
Microsoft Visual Studio Solution File, Format Version 12.00
# Visual Studio 15
VisualStudioVersion = 15.0.27130.2036
MinimumVisualStudioVersion = 10.0.40219.1
Project("{FAE04EC0-301F-11D3-BF4B-00C04F79EFBC}") = "CinemaOnline", "CinemaOnline\CinemaOnline.csproj", "{D6D0856B-781C-4AD0-B2E8-85AE48EEF2D7}"
EndProject
Global
	GlobalSection(SolutionConfigurationPlatforms) = preSolution
		Debug|Any CPU = Debug|Any CPU
		Release|Any CPU = Release|Any CPU
	EndGlobalSection
	GlobalSection(ProjectConfigurationPlatforms) = postSolution
		{D6D0856B-781C-4AD0-B2E8-85AE48EEF2D7}.Debug|Any CPU.ActiveCfg = Debug|Any CPU
		{D6D0856B-781C-4AD0-B2E8-85AE48EEF2D7}.Debug|Any CPU.Build.0 = Debug|Any CPU
		{D6D0856B-781C-4AD0-B2E8-85AE48EEF2D7}.Release|Any CPU.ActiveCfg = Release|Any CPU
		{D6D0856B-781C-4AD0-B2E8-85AE48EEF2D7}.Release|Any CPU.Build.0 = Release|Any CPU
	EndGlobalSection
	GlobalSection(SolutionProperties) = preSolution
		HideSolutionNode = FALSE
	EndGlobalSection
	GlobalSection(ExtensibilityGlobals) = postSolution
		SolutionGuid = {C0CED8FB-D74D-4AAE-9360-D41C27AA1BC4}
	EndGlobalSection
EndGlobal
